{
  "name": "progressive-respawn",
  "version": "1.0.0",
  "lockfileVersion": 3,
  "requires": true,
  "packages": {
    "": {
      "name": "progressive-respawn",
      "version": "1.0.0",
      "license": "MIT",
      "dependencies": {
        "rando-js": "github:seanohue/rando#master"
      }
    },
    "node_modules/rando-js": {
      "version": "0.1.1",
      "resolved": "git+ssh://git@github.com/seanohue/rando.git#901716376928598fc522327f406d8d8eb9a05709",
      "integrity": "sha512-g692jBXAvr92NYRyxRC2W6zQvxtBz8nQzdcY0t72Je1vq7SsIYDRZy5o9CQ6qwfHXBTIGAnta/5TxAyDW1engw==",
      "license": "MIT"
    }
  }
}
